[[package]]
name = "certifi"
version = "2023.7.22"
description = "Python package for providing Mozilla's CA Bundle."
category = "dev"
optional = false
python-versions = ">=3.6"

[[package]]
name = "cfgv"
version = "3.4.0"
description = "Validate configuration and produce human readable error messages."
category = "dev"
optional = false
python-versions = ">=3.8"

[[package]]
name = "charset-normalizer"
version = "3.2.0"
description = "The Real First Universal Charset Detector. Open, modern and actively maintained alternative to Chardet."
category = "dev"
optional = false
python-versions = ">=3.7.0"

[[package]]
name = "click"
version = "8.1.7"
description = "Composable command line interface toolkit"
category = "dev"
optional = false
python-versions = ">=3.7"

[package.dependencies]
colorama = {version = "*", markers = "platform_system == \"Windows\""}

[[package]]
name = "colorama"
version = "0.4.6"
description = "Cross-platform colored terminal text."
category = "dev"
optional = false
python-versions = "!=3.0.*,!=3.1.*,!=3.2.*,!=3.3.*,!=3.4.*,!=3.5.*,!=3.6.*,>=2.7"

[[package]]
name = "distlib"
version = "0.3.7"
description = "Distribution utilities"
category = "dev"
optional = false
python-versions = "*"

[[package]]
name = "exceptiongroup"
version = "1.1.3"
description = "Backport of PEP 654 (exception groups)"
category = "dev"
optional = false
python-versions = ">=3.7"

[package.extras]
test = ["pytest (>=6)"]

[[package]]
name = "filelock"
version = "3.12.2"
description = "A platform independent file lock."
category = "dev"
optional = false
python-versions = ">=3.7"

[package.extras]
docs = ["furo (>=2023.5.20)", "sphinx-autodoc-typehints (>=1.23,!=1.23.4)", "sphinx (>=7.0.1)"]
testing = ["covdefaults (>=2.3)", "coverage (>=7.2.7)", "diff-cover (>=7.5)", "pytest-cov (>=4.1)", "pytest-mock (>=3.10)", "pytest-timeout (>=2.1)", "pytest (>=7.3.1)"]

[[package]]
name = "flake8"
version = "6.1.0"
description = "the modular source code checker: pep8 pyflakes and co"
category = "dev"
optional = false
python-versions = ">=3.8.1"

[package.dependencies]
mccabe = ">=0.7.0,<0.8.0"
pycodestyle = ">=2.11.0,<2.12.0"
pyflakes = ">=3.1.0,<3.2.0"

[[package]]
name = "ghp-import"
version = "2.1.0"
description = "Copy your docs directly to the gh-pages branch."
category = "dev"
optional = false
python-versions = "*"

[package.dependencies]
python-dateutil = ">=2.8.1"

[package.extras]
dev = ["twine", "markdown", "flake8", "wheel"]

[[package]]
name = "identify"
version = "2.5.27"
description = "File identification library for Python"
category = "dev"
optional = false
python-versions = ">=3.8"

[package.extras]
license = ["ukkonen"]

[[package]]
name = "idna"
version = "3.4"
description = "Internationalized Domain Names in Applications (IDNA)"
category = "dev"
optional = false
python-versions = ">=3.5"

[[package]]
name = "importlib-metadata"
version = "6.8.0"
description = "Read metadata from Python packages"
category = "dev"
optional = false
python-versions = ">=3.8"

[package.dependencies]
zipp = ">=0.5"

[package.extras]
docs = ["sphinx (>=3.5)", "jaraco.packaging (>=9)", "rst.linker (>=1.9)", "furo", "sphinx-lint", "jaraco.tidelift (>=1.4)"]
perf = ["ipython"]
testing = ["pytest (>=6)", "pytest-checkdocs (>=2.4)", "pytest-cov", "pytest-enabler (>=2.2)", "pytest-ruff", "packaging", "pyfakefs", "flufl.flake8", "pytest-perf (>=0.9.2)", "pytest-black (>=0.3.7)", "pytest-mypy (>=0.9.1)", "importlib-resources (>=1.3)"]

[[package]]
name = "iniconfig"
version = "2.0.0"
description = "brain-dead simple config-ini parsing"
category = "dev"
optional = false
python-versions = ">=3.7"

[[package]]
name = "invoke"
version = "2.2.0"
description = "Pythonic task execution"
category = "dev"
optional = false
python-versions = ">=3.6"

[[package]]
name = "jinja2"
version = "3.1.2"
description = "A very fast and expressive template engine."
category = "dev"
optional = false
python-versions = ">=3.7"

[package.dependencies]
MarkupSafe = ">=2.0"

[package.extras]
i18n = ["Babel (>=2.7)"]

[[package]]
name = "markdown"
version = "3.4.4"
description = "Python implementation of John Gruber's Markdown."
category = "dev"
optional = false
python-versions = ">=3.7"

[package.dependencies]
importlib-metadata = {version = ">=4.4", markers = "python_version < \"3.10\""}

[package.extras]
docs = ["mkdocs (>=1.0)", "mkdocs-nature (>=0.4)", "mdx-gh-links (>=0.2)"]
testing = ["coverage", "pyyaml"]

[[package]]
name = "markdown-katex"
version = "202112.1034"
description = "katex extension for Python Markdown"
category = "dev"
optional = false
python-versions = ">=2.7"

[package.dependencies]
Markdown = {version = ">=3.0", markers = "python_version >= \"3.6\""}
pathlib2 = "*"

[[package]]
name = "markupsafe"
version = "2.1.3"
description = "Safely add untrusted strings to HTML/XML markup."
category = "dev"
optional = false
python-versions = ">=3.7"

[[package]]
name = "mccabe"
version = "0.7.0"
description = "McCabe checker, plugin for flake8"
category = "dev"
optional = false
python-versions = ">=3.6"

[[package]]
name = "mergedeep"
version = "1.3.4"
description = "A deep merge function for 🐍."
category = "dev"
optional = false
python-versions = ">=3.6"

[[package]]
name = "mkdocs"
version = "1.5.2"
description = "Project documentation with Markdown."
category = "dev"
optional = false
python-versions = ">=3.7"

[package.dependencies]
click = ">=7.0"
colorama = {version = ">=0.4", markers = "platform_system == \"Windows\""}
ghp-import = ">=1.0"
importlib-metadata = {version = ">=4.3", markers = "python_version < \"3.10\""}
jinja2 = ">=2.11.1"
markdown = ">=3.2.1"
markupsafe = ">=2.0.1"
mergedeep = ">=1.3.4"
packaging = ">=20.5"
pathspec = ">=0.11.1"
platformdirs = ">=2.2.0"
pyyaml = ">=5.1"
pyyaml-env-tag = ">=0.1"
watchdog = ">=2.0"

[package.extras]
i18n = ["babel (>=2.9.0)"]
min-versions = ["babel (==2.9.0)", "click (==7.0)", "colorama (==0.4)", "ghp-import (==1.0)", "importlib-metadata (==4.3)", "jinja2 (==2.11.1)", "markdown (==3.2.1)", "markupsafe (==2.0.1)", "mergedeep (==1.3.4)", "packaging (==20.5)", "pathspec (==0.11.1)", "platformdirs (==2.2.0)", "pyyaml-env-tag (==0.1)", "pyyaml (==5.1)", "typing-extensions (==3.10)", "watchdog (==2.0)"]

[[package]]
name = "mkdocs-autorefs"
version = "0.5.0"
description = "Automatically link across pages in MkDocs."
category = "dev"
optional = false
python-versions = ">=3.8"

[package.dependencies]
Markdown = ">=3.3"
mkdocs = ">=1.1"

[[package]]
name = "mkdocs-material"
version = "9.1.21"
description = "Documentation that simply works"
category = "dev"
optional = false
python-versions = ">=3.7"

[package.dependencies]
colorama = ">=0.4"
jinja2 = ">=3.0"
markdown = ">=3.2"
mkdocs = ">=1.5.0"
mkdocs-material-extensions = ">=1.1"
pygments = ">=2.14"
pymdown-extensions = ">=9.9.1"
regex = ">=2022.4.24"
requests = ">=2.26"

[[package]]
name = "mkdocs-material-extensions"
version = "1.1.1"
description = "Extension pack for Python Markdown and MkDocs Material."
category = "dev"
optional = false
python-versions = ">=3.7"

[[package]]
name = "mkdocstrings"
version = "0.20.0"
description = "Automatic documentation from sources, for MkDocs."
category = "dev"
optional = false
python-versions = ">=3.7"

[package.dependencies]
Jinja2 = ">=2.11.1"
Markdown = ">=3.3"
MarkupSafe = ">=1.1"
mkdocs = ">=1.2"
mkdocs-autorefs = ">=0.3.1"
pymdown-extensions = ">=6.3"

[package.extras]
crystal = ["mkdocstrings-crystal (>=0.3.4)"]
python = ["mkdocstrings-python (>=0.5.2)"]
python-legacy = ["mkdocstrings-python-legacy (>=0.2.1)"]

[[package]]
name = "nodeenv"
version = "1.8.0"
description = "Node.js virtual environment builder"
category = "dev"
optional = false
python-versions = ">=2.7,!=3.0.*,!=3.1.*,!=3.2.*,!=3.3.*,!=3.4.*,!=3.5.*,!=3.6.*"

[[package]]
name = "numpy"
version = "1.24.4"
description = "Fundamental package for array computing in Python"
category = "main"
optional = false
python-versions = ">=3.8"

[[package]]
name = "packaging"
version = "23.1"
description = "Core utilities for Python packages"
category = "dev"
optional = false
python-versions = ">=3.7"

[[package]]
name = "pathlib2"
version = "2.3.7.post1"
description = "Object-oriented filesystem paths"
category = "dev"
optional = false
python-versions = "*"

[package.dependencies]
six = "*"

[[package]]
name = "pathspec"
version = "0.11.2"
description = "Utility library for gitignore style pattern matching of file paths."
category = "dev"
optional = false
python-versions = ">=3.7"

[[package]]
name = "platformdirs"
version = "3.10.0"
description = "A small Python package for determining appropriate platform-specific dirs, e.g. a \"user data dir\"."
category = "dev"
optional = false
python-versions = ">=3.7"

[package.extras]
docs = ["furo (>=2023.7.26)", "proselint (>=0.13)", "sphinx-autodoc-typehints (>=1.24)", "sphinx (>=7.1.1)"]
test = ["appdirs (==1.4.4)", "covdefaults (>=2.3)", "pytest-cov (>=4.1)", "pytest-mock (>=3.11.1)", "pytest (>=7.4)"]

[[package]]
name = "pluggy"
version = "1.2.0"
description = "plugin and hook calling mechanisms for python"
category = "dev"
optional = false
python-versions = ">=3.7"

[package.extras]
dev = ["pre-commit", "tox"]
testing = ["pytest", "pytest-benchmark"]

[[package]]
name = "pre-commit"
version = "3.3.3"
description = "A framework for managing and maintaining multi-language pre-commit hooks."
category = "dev"
optional = false
python-versions = ">=3.8"

[package.dependencies]
cfgv = ">=2.0.0"
identify = ">=1.0.0"
nodeenv = ">=0.11.1"
pyyaml = ">=5.1"
virtualenv = ">=20.10.0"

[[package]]
name = "pycodestyle"
version = "2.11.0"
description = "Python style guide checker"
category = "dev"
optional = false
python-versions = ">=3.8"

[[package]]
name = "pyflakes"
version = "3.1.0"
description = "passive checker of Python programs"
category = "dev"
optional = false
python-versions = ">=3.8"

[[package]]
name = "pygments"
version = "2.16.1"
description = "Pygments is a syntax highlighting package written in Python."
category = "dev"
optional = false
python-versions = ">=3.7"

[package.extras]
plugins = ["importlib-metadata"]

[[package]]
name = "pymdown-extensions"
version = "10.1"
description = "Extension pack for Python Markdown."
category = "dev"
optional = false
python-versions = ">=3.7"

[package.dependencies]
markdown = ">=3.2"
pyyaml = "*"

[[package]]
name = "pytest"
version = "7.4.0"
description = "pytest: simple powerful testing with Python"
category = "dev"
optional = false
python-versions = ">=3.7"

[package.dependencies]
colorama = {version = "*", markers = "sys_platform == \"win32\""}
exceptiongroup = {version = ">=1.0.0rc8", markers = "python_version < \"3.11\""}
iniconfig = "*"
packaging = "*"
pluggy = ">=0.12,<2.0"
tomli = {version = ">=1.0.0", markers = "python_version < \"3.11\""}

[package.extras]
testing = ["argcomplete", "attrs (>=19.2.0)", "hypothesis (>=3.56)", "mock", "nose", "pygments (>=2.7.2)", "requests", "setuptools", "xmlschema"]

[[package]]
name = "python-dateutil"
version = "2.8.2"
description = "Extensions to the standard Python datetime module"
category = "dev"
optional = false
python-versions = "!=3.0.*,!=3.1.*,!=3.2.*,>=2.7"

[package.dependencies]
six = ">=1.5"

[[package]]
name = "pyyaml"
version = "6.0.1"
description = "YAML parser and emitter for Python"
category = "dev"
optional = false
python-versions = ">=3.6"

[[package]]
name = "pyyaml-env-tag"
version = "0.1"
description = "A custom YAML tag for referencing environment variables in YAML files. "
category = "dev"
optional = false
python-versions = ">=3.6"

[package.dependencies]
pyyaml = "*"

[[package]]
name = "regex"
version = "2023.8.8"
description = "Alternative regular expression module, to replace re."
category = "dev"
optional = false
python-versions = ">=3.6"

[[package]]
name = "requests"
version = "2.31.0"
description = "Python HTTP for Humans."
category = "dev"
optional = false
python-versions = ">=3.7"

[package.dependencies]
certifi = ">=2017.4.17"
charset-normalizer = ">=2,<4"
idna = ">=2.5,<4"
urllib3 = ">=1.21.1,<3"

[package.extras]
socks = ["PySocks (>=1.5.6,!=1.5.7)"]
use_chardet_on_py3 = ["chardet (>=3.0.2,<6)"]

[[package]]
name = "scipy"
version = "1.9.3"
description = "Fundamental algorithms for scientific computing in Python"
category = "main"
optional = false
python-versions = ">=3.8"

[package.dependencies]
numpy = ">=1.18.5,<1.26.0"

[package.extras]
test = ["pytest", "pytest-cov", "pytest-xdist", "asv", "mpmath", "gmpy2", "threadpoolctl", "scikit-umfpack"]
doc = ["sphinx (!=4.1.0)", "pydata-sphinx-theme (==0.9.0)", "sphinx-panels (>=0.5.2)", "matplotlib (>2)", "numpydoc", "sphinx-tabs"]
dev = ["mypy", "typing-extensions", "pycodestyle", "flake8"]

[[package]]
name = "six"
version = "1.16.0"
description = "Python 2 and 3 compatibility utilities"
category = "dev"
optional = false
python-versions = ">=2.7, !=3.0.*, !=3.1.*, !=3.2.*"

[[package]]
name = "tomli"
version = "2.0.1"
description = "A lil' TOML parser"
category = "dev"
optional = false
python-versions = ">=3.7"

[[package]]
name = "urllib3"
version = "2.0.4"
description = "HTTP library with thread-safe connection pooling, file post, and more."
category = "dev"
optional = false
python-versions = ">=3.7"

[package.extras]
brotli = ["brotli (>=1.0.9)", "brotlicffi (>=0.8.0)"]
secure = ["certifi", "cryptography (>=1.9)", "idna (>=2.0.0)", "pyopenssl (>=17.1.0)", "urllib3-secure-extra"]
socks = ["pysocks (>=1.5.6,!=1.5.7,<2.0)"]
zstd = ["zstandard (>=0.18.0)"]

[[package]]
name = "virtualenv"
version = "20.24.3"
description = "Virtual Python Environment builder"
category = "dev"
optional = false
python-versions = ">=3.7"

[package.dependencies]
distlib = ">=0.3.7,<1"
filelock = ">=3.12.2,<4"
platformdirs = ">=3.9.1,<4"

[package.extras]
docs = ["furo (>=2023.5.20)", "proselint (>=0.13)", "sphinx-argparse (>=0.4)", "sphinx (>=7.0.1)", "sphinxcontrib-towncrier (>=0.2.1a0)", "towncrier (>=23.6)"]
test = ["covdefaults (>=2.3)", "coverage-enable-subprocess (>=1)", "coverage (>=7.2.7)", "flaky (>=3.7)", "packaging (>=23.1)", "pytest-env (>=0.8.2)", "pytest-freezer (>=0.4.8)", "pytest-mock (>=3.11.1)", "pytest-randomly (>=3.12)", "pytest-timeout (>=2.1)", "pytest (>=7.4)", "setuptools (>=68)", "time-machine (>=2.10)"]

[[package]]
name = "watchdog"
version = "3.0.0"
description = "Filesystem events monitoring"
category = "dev"
optional = false
python-versions = ">=3.7"

[package.extras]
watchmedo = ["PyYAML (>=3.10)"]

[[package]]
name = "zipp"
version = "3.16.2"
description = "Backport of pathlib-compatible object wrapper for zip files"
category = "dev"
optional = false
python-versions = ">=3.8"

[package.extras]
docs = ["sphinx (>=3.5)", "jaraco.packaging (>=9.3)", "rst.linker (>=1.9)", "furo", "sphinx-lint", "jaraco.tidelift (>=1.4)"]
testing = ["pytest (>=6)", "pytest-checkdocs (>=2.4)", "pytest-cov", "pytest-enabler (>=2.2)", "pytest-ruff", "jaraco.itertools", "jaraco.functools", "more-itertools", "big-o", "pytest-ignore-flaky", "pytest-black (>=0.3.7)", "pytest-mypy (>=0.9.1)"]

[metadata]
lock-version = "1.1"
python-versions = ">=3.8.1"
content-hash = "0b84f6f3ec92a75911ac60dc4f88356b074ffe2c94ad4a09e53c816ce8e27df4"

[metadata.files]
certifi = []
cfgv = []
charset-normalizer = []
click = []
colorama = []
distlib = []
exceptiongroup = []
filelock = []
flake8 = []
ghp-import = []
identify = []
idna = []
importlib-metadata = []
iniconfig = []
invoke = []
jinja2 = [
    {file = "Jinja2-3.1.2-py3-none-any.whl", hash = "sha256:6088930bfe239f0e6710546ab9c19c9ef35e29792895fed6e6e31a023a182a61"},
    {file = "Jinja2-3.1.2.tar.gz", hash = "sha256:31351a702a408a9e7595a8fc6150fc3f43bb6bf7e319770cbc0db9df9437e852"},
]
markdown = []
markdown-katex = []
markupsafe = []
mccabe = []
mergedeep = [
    {file = "mergedeep-1.3.4-py3-none-any.whl", hash = "sha256:70775750742b25c0d8f36c55aed03d24c3384d17c951b3175d898bd778ef0307"},
    {file = "mergedeep-1.3.4.tar.gz", hash = "sha256:0096d52e9dad9939c3d975a774666af186eda617e6ca84df4c94dec30004f2a8"},
]
mkdocs = []
mkdocs-autorefs = []
mkdocs-material = []
mkdocs-material-extensions = []
mkdocstrings = []
nodeenv = []
numpy = []
packaging = []
pathlib2 = []
pathspec = []
platformdirs = []
pluggy = []
pre-commit = []
pycodestyle = []
pyflakes = []
pygments = []
pymdown-extensions = []
pytest = []
python-dateutil = [
    {file = "python-dateutil-2.8.2.tar.gz", hash = "sha256:0123cacc1627ae19ddf3c27a5de5bd67ee4586fbdd6440d9748f8abb483d3e86"},
    {file = "python_dateutil-2.8.2-py2.py3-none-any.whl", hash = "sha256:961d03dc3453ebbc59dbdea9e4e11c5651520a876d0f4db161e8674aae935da9"},
]
pyyaml = []
pyyaml-env-tag = [
    {file = "pyyaml_env_tag-0.1-py3-none-any.whl", hash = "sha256:af31106dec8a4d68c60207c1886031cbf839b68aa7abccdb19868200532c2069"},
    {file = "pyyaml_env_tag-0.1.tar.gz", hash = "sha256:70092675bda14fdec33b31ba77e7543de9ddc88f2e5b99160396572d11525bdb"},
]
regex = []
requests = []
scipy = []
six = [
    {file = "six-1.16.0-py2.py3-none-any.whl", hash = "sha256:8abb2f1d86890a2dfb989f9a77cfcfd3e47c2a354b01111771326f8aa26e0254"},
    {file = "six-1.16.0.tar.gz", hash = "sha256:1e61c37477a1626458e36f7b1d82aa5c9b094fa4802892072e49de9c60c4c926"},
]
tomli = [
    {file = "tomli-2.0.1-py3-none-any.whl", hash = "sha256:939de3e7a6161af0c887ef91b7d41a53e7c5a1ca976325f429cb46ea9bc30ecc"},
    {file = "tomli-2.0.1.tar.gz", hash = "sha256:de526c12914f0c550d15924c62d72abc48d6fe7364aa87328337a31007fe8a4f"},
]
urllib3 = []
virtualenv = []
watchdog = []
zipp = []
